
Microsoft Visual Studio Solution File, Format Version 12.00
# Visual Studio 15
Project("{FAE04EC0-301F-11D3-BF4B-00C04F79EFBC}") = "Assembly-CSharp", "Assembly-CSharp.csproj", "{B1235EE4-71EE-C815-28F8-C3378E5ADB84}"
EndProject
Project("{FAE04EC0-301F-11D3-BF4B-00C04F79EFBC}") = "PhotonUnityNetworking.Demos", "PhotonUnityNetworking.Demos.csproj", "{CF1F6129-2114-B89D-1454-822BF3C3FDBF}"
EndProject
Project("{FAE04EC0-301F-11D3-BF4B-00C04F79EFBC}") = "PhotonUnityNetworking.Utilities", "PhotonUnityNetworking.Utilities.csproj", "{B8FBE01A-4163-2D79-3AE9-4AE77D599854}"
EndProject
Project("{FAE04EC0-301F-11D3-BF4B-00C04F79EFBC}") = "PhotonVoice.API", "PhotonVoice.API.csproj", "{CABB78A0-EDBA-EE6D-2643-1407913489A0}"
EndProject
Project("{FAE04EC0-301F-11D3-BF4B-00C04F79EFBC}") = "PhotonChat", "PhotonChat.csproj", "{7F10A890-764A-0965-54DB-58F58195C5C5}"
EndProject
Project("{FAE04EC0-301F-11D3-BF4B-00C04F79EFBC}") = "PhotonUnityNetworking", "PhotonUnityNetworking.csproj", "{1C33235E-6AF5-3F91-B902-AEBC8AAC064B}"
EndProject
Project("{FAE04EC0-301F-11D3-BF4B-00C04F79EFBC}") = "PhotonRealtime", "PhotonRealtime.csproj", "{B24B0393-9ACB-3983-B8A2-3BE44B49F5CF}"
EndProject
Project("{FAE04EC0-301F-11D3-BF4B-00C04F79EFBC}") = "PhotonVoice", "PhotonVoice.csproj", "{F6745719-91D6-7BB4-94E0-5520D6176128}"
EndProject
Project("{FAE04EC0-301F-11D3-BF4B-00C04F79EFBC}") = "PhotonVoice.PUN", "PhotonVoice.PUN.csproj", "{5E71754C-8E28-2CAD-87E1-F038BFC4735A}"
EndProject
Project("{FAE04EC0-301F-11D3-BF4B-00C04F79EFBC}") = "Assembly-CSharp-Editor", "Assembly-CSharp-Editor.csproj", "{473D78C7-2901-75B9-26E4-79E5B40C0FF9}"
EndProject
Project("{FAE04EC0-301F-11D3-BF4B-00C04F79EFBC}") = "PhotonVoice.Editor", "PhotonVoice.Editor.csproj", "{8190411D-25D4-E267-BCBC-05E8703AB070}"
EndProject
Project("{FAE04EC0-301F-11D3-BF4B-00C04F79EFBC}") = "PhotonUnityNetworking.Editor", "PhotonUnityNetworking.Editor.csproj", "{A87EA295-1BDC-F44D-4A58-39006C8A1A53}"
EndProject
Project("{FAE04EC0-301F-11D3-BF4B-00C04F79EFBC}") = "PhotonVoice.Utilities.Editor", "PhotonVoice.Utilities.Editor.csproj", "{67995AAA-43C4-13D1-FC81-CEF2B524B99E}"
EndProject
Project("{FAE04EC0-301F-11D3-BF4B-00C04F79EFBC}") = "PunDemos.DemoHubEditor", "PunDemos.DemoHubEditor.csproj", "{91A372BF-7748-6CAF-E216-2933995D87F9}"
EndProject
Project("{FAE04EC0-301F-11D3-BF4B-00C04F79EFBC}") = "PhotonUnityNetworking.Utilities.PhotonPlayer.Editor", "PhotonUnityNetworking.Utilities.PhotonPlayer.Editor.csproj", "{277FC3C7-29DF-52B4-138D-B30DBC7766F2}"
EndProject
Project("{FAE04EC0-301F-11D3-BF4B-00C04F79EFBC}") = "PhotonUnityNetworking.Utilities.Culling.Editor", "PhotonUnityNetworking.Utilities.Culling.Editor.csproj", "{486B7CC1-9BFE-A0F8-48A7-2E4D52776543}"
EndProject
Project("{FAE04EC0-301F-11D3-BF4B-00C04F79EFBC}") = "PunDemos.DemoSlotcarEditor", "PunDemos.DemoSlotcarEditor.csproj", "{8CAB14C2-135D-BCB5-4F3C-5379BD8AC68F}"
EndProject
Project("{FAE04EC0-301F-11D3-BF4B-00C04F79EFBC}") = "PhotonVoice.PUN.Editor", "PhotonVoice.PUN.Editor.csproj", "{8D975B7E-D9B7-70F9-3719-778669DE7176}"
EndProject
Global
	GlobalSection(SolutionConfigurationPlatforms) = preSolution
		Debug|Any CPU = Debug|Any CPU
		Release|Any CPU = Release|Any CPU
	EndGlobalSection
	GlobalSection(ProjectConfigurationPlatforms) = postSolution
		{B1235EE4-71EE-C815-28F8-C3378E5ADB84}.Debug|Any CPU.ActiveCfg = Debug|Any CPU
		{B1235EE4-71EE-C815-28F8-C3378E5ADB84}.Debug|Any CPU.Build.0 = Debug|Any CPU
		{B1235EE4-71EE-C815-28F8-C3378E5ADB84}.Release|Any CPU.ActiveCfg = Release|Any CPU
		{B1235EE4-71EE-C815-28F8-C3378E5ADB84}.Release|Any CPU.Build.0 = Release|Any CPU
		{CF1F6129-2114-B89D-1454-822BF3C3FDBF}.Debug|Any CPU.ActiveCfg = Debug|Any CPU
		{CF1F6129-2114-B89D-1454-822BF3C3FDBF}.Debug|Any CPU.Build.0 = Debug|Any CPU
		{CF1F6129-2114-B89D-1454-822BF3C3FDBF}.Release|Any CPU.ActiveCfg = Release|Any CPU
		{CF1F6129-2114-B89D-1454-822BF3C3FDBF}.Release|Any CPU.Build.0 = Release|Any CPU
		{B8FBE01A-4163-2D79-3AE9-4AE77D599854}.Debug|Any CPU.ActiveCfg = Debug|Any CPU
		{B8FBE01A-4163-2D79-3AE9-4AE77D599854}.Debug|Any CPU.Build.0 = Debug|Any CPU
		{B8FBE01A-4163-2D79-3AE9-4AE77D599854}.Release|Any CPU.ActiveCfg = Release|Any CPU
		{B8FBE01A-4163-2D79-3AE9-4AE77D599854}.Release|Any CPU.Build.0 = Release|Any CPU
		{CABB78A0-EDBA-EE6D-2643-1407913489A0}.Debug|Any CPU.ActiveCfg = Debug|Any CPU
		{CABB78A0-EDBA-EE6D-2643-1407913489A0}.Debug|Any CPU.Build.0 = Debug|Any CPU
		{CABB78A0-EDBA-EE6D-2643-1407913489A0}.Release|Any CPU.ActiveCfg = Release|Any CPU
		{CABB78A0-EDBA-EE6D-2643-1407913489A0}.Release|Any CPU.Build.0 = Release|Any CPU
		{7F10A890-764A-0965-54DB-58F58195C5C5}.Debug|Any CPU.ActiveCfg = Debug|Any CPU
		{7F10A890-764A-0965-54DB-58F58195C5C5}.Debug|Any CPU.Build.0 = Debug|Any CPU
		{7F10A890-764A-0965-54DB-58F58195C5C5}.Release|Any CPU.ActiveCfg = Release|Any CPU
		{7F10A890-764A-0965-54DB-58F58195C5C5}.Release|Any CPU.Build.0 = Release|Any CPU
		{1C33235E-6AF5-3F91-B902-AEBC8AAC064B}.Debug|Any CPU.ActiveCfg = Debug|Any CPU
		{1C33235E-6AF5-3F91-B902-AEBC8AAC064B}.Debug|Any CPU.Build.0 = Debug|Any CPU
		{1C33235E-6AF5-3F91-B902-AEBC8AAC064B}.Release|Any CPU.ActiveCfg = Release|Any CPU
		{1C33235E-6AF5-3F91-B902-AEBC8AAC064B}.Release|Any CPU.Build.0 = Release|Any CPU
		{B24B0393-9ACB-3983-B8A2-3BE44B49F5CF}.Debug|Any CPU.ActiveCfg = Debug|Any CPU
		{B24B0393-9ACB-3983-B8A2-3BE44B49F5CF}.Debug|Any CPU.Build.0 = Debug|Any CPU
		{B24B0393-9ACB-3983-B8A2-3BE44B49F5CF}.Release|Any CPU.ActiveCfg = Release|Any CPU
		{B24B0393-9ACB-3983-B8A2-3BE44B49F5CF}.Release|Any CPU.Build.0 = Release|Any CPU
		{F6745719-91D6-7BB4-94E0-5520D6176128}.Debug|Any CPU.ActiveCfg = Debug|Any CPU
		{F6745719-91D6-7BB4-94E0-5520D6176128}.Debug|Any CPU.Build.0 = Debug|Any CPU
		{F6745719-91D6-7BB4-94E0-5520D6176128}.Release|Any CPU.ActiveCfg = Release|Any CPU
		{F6745719-91D6-7BB4-94E0-5520D6176128}.Release|Any CPU.Build.0 = Release|Any CPU
		{5E71754C-8E28-2CAD-87E1-F038BFC4735A}.Debug|Any CPU.ActiveCfg = Debug|Any CPU
		{5E71754C-8E28-2CAD-87E1-F038BFC4735A}.Debug|Any CPU.Build.0 = Debug|Any CPU
		{5E71754C-8E28-2CAD-87E1-F038BFC4735A}.Release|Any CPU.ActiveCfg = Release|Any CPU
		{5E71754C-8E28-2CAD-87E1-F038BFC4735A}.Release|Any CPU.Build.0 = Release|Any CPU
		{473D78C7-2901-75B9-26E4-79E5B40C0FF9}.Debug|Any CPU.ActiveCfg = Debug|Any CPU
		{473D78C7-2901-75B9-26E4-79E5B40C0FF9}.Debug|Any CPU.Build.0 = Debug|Any CPU
		{473D78C7-2901-75B9-26E4-79E5B40C0FF9}.Release|Any CPU.ActiveCfg = Release|Any CPU
		{473D78C7-2901-75B9-26E4-79E5B40C0FF9}.Release|Any CPU.Build.0 = Release|Any CPU
		{8190411D-25D4-E267-BCBC-05E8703AB070}.Debug|Any CPU.ActiveCfg = Debug|Any CPU
		{8190411D-25D4-E267-BCBC-05E8703AB070}.Debug|Any CPU.Build.0 = Debug|Any CPU
		{8190411D-25D4-E267-BCBC-05E8703AB070}.Release|Any CPU.ActiveCfg = Release|Any CPU
		{8190411D-25D4-E267-BCBC-05E8703AB070}.Release|Any CPU.Build.0 = Release|Any CPU
		{A87EA295-1BDC-F44D-4A58-39006C8A1A53}.Debug|Any CPU.ActiveCfg = Debug|Any CPU
		{A87EA295-1BDC-F44D-4A58-39006C8A1A53}.Debug|Any CPU.Build.0 = Debug|Any CPU
		{A87EA295-1BDC-F44D-4A58-39006C8A1A53}.Release|Any CPU.ActiveCfg = Release|Any CPU
		{A87EA295-1BDC-F44D-4A58-39006C8A1A53}.Release|Any CPU.Build.0 = Release|Any CPU
		{67995AAA-43C4-13D1-FC81-CEF2B524B99E}.Debug|Any CPU.ActiveCfg = Debug|Any CPU
		{67995AAA-43C4-13D1-FC81-CEF2B524B99E}.Debug|Any CPU.Build.0 = Debug|Any CPU
		{67995AAA-43C4-13D1-FC81-CEF2B524B99E}.Release|Any CPU.ActiveCfg = Release|Any CPU
		{67995AAA-43C4-13D1-FC81-CEF2B524B99E}.Release|Any CPU.Build.0 = Release|Any CPU
		{91A372BF-7748-6CAF-E216-2933995D87F9}.Debug|Any CPU.ActiveCfg = Debug|Any CPU
		{91A372BF-7748-6CAF-E216-2933995D87F9}.Debug|Any CPU.Build.0 = Debug|Any CPU
		{91A372BF-7748-6CAF-E216-2933995D87F9}.Release|Any CPU.ActiveCfg = Release|Any CPU
		{91A372BF-7748-6CAF-E216-2933995D87F9}.Release|Any CPU.Build.0 = Release|Any CPU
		{277FC3C7-29DF-52B4-138D-B30DBC7766F2}.Debug|Any CPU.ActiveCfg = Debug|Any CPU
		{277FC3C7-29DF-52B4-138D-B30DBC7766F2}.Debug|Any CPU.Build.0 = Debug|Any CPU
		{277FC3C7-29DF-52B4-138D-B30DBC7766F2}.Release|Any CPU.ActiveCfg = Release|Any CPU
		{277FC3C7-29DF-52B4-138D-B30DBC7766F2}.Release|Any CPU.Build.0 = Release|Any CPU
		{486B7CC1-9BFE-A0F8-48A7-2E4D52776543}.Debug|Any CPU.ActiveCfg = Debug|Any CPU
		{486B7CC1-9BFE-A0F8-48A7-2E4D52776543}.Debug|Any CPU.Build.0 = Debug|Any CPU
		{486B7CC1-9BFE-A0F8-48A7-2E4D52776543}.Release|Any CPU.ActiveCfg = Release|Any CPU
		{486B7CC1-9BFE-A0F8-48A7-2E4D52776543}.Release|Any CPU.Build.0 = Release|Any CPU
		{8CAB14C2-135D-BCB5-4F3C-5379BD8AC68F}.Debug|Any CPU.ActiveCfg = Debug|Any CPU
		{8CAB14C2-135D-BCB5-4F3C-5379BD8AC68F}.Debug|Any CPU.Build.0 = Debug|Any CPU
		{8CAB14C2-135D-BCB5-4F3C-5379BD8AC68F}.Release|Any CPU.ActiveCfg = Release|Any CPU
		{8CAB14C2-135D-BCB5-4F3C-5379BD8AC68F}.Release|Any CPU.Build.0 = Release|Any CPU
		{8D975B7E-D9B7-70F9-3719-778669DE7176}.Debug|Any CPU.ActiveCfg = Debug|Any CPU
		{8D975B7E-D9B7-70F9-3719-778669DE7176}.Debug|Any CPU.Build.0 = Debug|Any CPU
		{8D975B7E-D9B7-70F9-3719-778669DE7176}.Release|Any CPU.ActiveCfg = Release|Any CPU
		{8D975B7E-D9B7-70F9-3719-778669DE7176}.Release|Any CPU.Build.0 = Release|Any CPU
	EndGlobalSection
	GlobalSection(SolutionProperties) = preSolution
		HideSolutionNode = FALSE
	EndGlobalSection
EndGlobal
